<?xml version="1.0" encoding="utf-8"?>
<Project ToolsVersion="12.0" xmlns="http://schemas.microsoft.com/developer/msbuild/2003">
  <ItemGroup>
    <Filter Include="Source Files">
      <UniqueIdentifier>{4FC737F1-C7A5-4376-A066-2A32D752A2FF}</UniqueIdentifier>
      <Extensions>cpp;c;cc;cxx;def;odl;idl;hpj;bat;asm;asmx</Extensions>
    </Filter>
    <Filter Include="Header Files">
      <UniqueIdentifier>{93995380-89BD-4b04-88EB-625FBE52EBFB}</UniqueIdentifier>
      <Extensions>h;hpp;hxx;hm;inl;inc;xsd</Extensions>
    </Filter>
    <Filter Include="Resource Files">
      <UniqueIdentifier>{67DA6AB6-F800-4c08-8B7A-83BB121AAD01}</UniqueIdentifier>
      <Extensions>rc;ico;cur;bmp;dlg;rc2;rct;bin;rgs;gif;jpg;jpeg;jpe;resx;tiff;tif;png;wav;mfcribbon-ms</Extensions>
    </Filter>
    <Filter Include="Content Files">
      <UniqueIdentifier>{900022e4-757a-46fb-bd53-6dfc20b3d893}</UniqueIdentifier>
    </Filter>
    <Filter Include="Content Files\Shaders">
      <UniqueIdentifier>{2c3d4c8c-5d1a-459a-a05a-a4e4b608a44e}</UniqueIdentifier>
      <Extensions>vsh;csh;fsh;psh;glsl;hlsl;frag;vert;spv</Extensions>
    </Filter>
    <Filter Include="Content Files\Textures">
      <UniqueIdentifier>{2c3d4c8c-5d1a-459a-a05a-a4e4b608a44e}</UniqueIdentifier>
      <Extensions>ico;bmp;gif;jpg;jpeg;jpe;tiff;tif;png;pvr</Extensions>
    </Filter>
  </ItemGroup>
  <ItemGroup>
    <ClInclude Include="..\..\..\..\..\..\builds\windows\resources\resource.h">
      <Filter>Header Files</Filter>
    </ClInclude>
  </ItemGroup>
  <ItemGroup>
    <ResourceCompile Include="..\..\..\..\..\..\builds\windows\resources\shared.rc">
      <Filter>Resource Files</Filter>
    </ResourceCompile>
    <ResourceCompile Include="vulkan_example_ui.rc">
      <Filter>Resource Files</Filter>
    </ResourceCompile>
  </ItemGroup>
  <ItemGroup>
    <ClCompile Include="..\..\vulkan_example_ui.cpp">
      <Filter>Source Files</Filter>
    </ClCompile>
  </ItemGroup>
  <ItemGroup>
    <None Include="..\..\..\processed_assets\weather-storm.pvr">
      <Filter>Content Files\Textures</Filter>
    </None>
    <None Include="..\..\..\processed_assets\clock-face-small.pvr">
      <Filter>Content Files\Textures</Filter>
    </None>
    <None Include="..\..\..\processed_assets\container-filler.pvr">
      <Filter>Content Files\Textures</Filter>
    </None>
    <None Include="..\..\..\processed_assets\window-bottomcorner.pvr">
      <Filter>Content Files\Textures</Filter>
    </None>
    <None Include="..\..\..\processed_assets\window-topleft.pvr">
      <Filter>Content Files\Textures</Filter>
    </None>
    <None Include="..\..\..\processed_assets\vertical-bar.pvr">
      <Filter>Content Files\Textures</Filter>
    </None>
    <None Include="..\..\..\processed_assets\window-side.pvr">
      <Filter>Content Files\Textures</Filter>
    </None>
    <None Include="..\..\..\processed_assets\window-bottom.pvr">
      <Filter>Content Files\Textures</Filter>
    </None>
    <None Include="..\..\..\processed_assets\weather-sun-cloud-big.pvr">
      <Filter>Content Files\Textures</Filter>
    </None>
    <None Include="..\..\..\processed_assets\container-corner.pvr">
      <Filter>Content Files\Textures</Filter>
    </None>
    <None Include="..\..\..\processed_assets\office-calendar.pvr">
      <Filter>Content Files\Textures</Filter>
    </None>
    <None Include="..\..\..\processed_assets\text-sun.pvr">
      <Filter>Content Files\Textures</Filter>
    </None>
    <None Include="..\..\..\processed_assets\weather-rain.pvr">
      <Filter>Content Files\Textures</Filter>
    </None>
    <None Include="..\..\..\processed_assets\text-mon.pvr">
      <Filter>Content Files\Textures</Filter>
    </None>
    <None Include="..\..\..\processed_assets\text-weather.pvr">
      <Filter>Content Files\Textures</Filter>
    </None>
    <None Include="..\..\..\processed_assets\hand.pvr">
      <Filter>Content Files\Textures</Filter>
    </None>
    <None Include="..\..\..\processed_assets\container-vertical.pvr">
      <Filter>Content Files\Textures</Filter>
    </None>
    <None Include="..\..\..\processed_assets\container-horizontal.pvr">
      <Filter>Content Files\Textures</Filter>
    </None>
    <None Include="..\..\..\processed_assets\text-sat.pvr">
      <Filter>Content Files\Textures</Filter>
    </None>
    <None Include="..\..\..\processed_assets\clock-face.pvr">
      <Filter>Content Files\Textures</Filter>
    </None>
    <None Include="..\..\..\processed_assets\text1.pvr">
      <Filter>Content Files\Textures</Filter>
    </None>
    <None Include="..\..\..\processed_assets\text2.pvr">
      <Filter>Content Files\Textures</Filter>
    </None>
    <None Include="..\..\..\processed_assets\text-fri.pvr">
      <Filter>Content Files\Textures</Filter>
    </None>
    <None Include="..\..\..\processed_assets\window-top.pvr">
      <Filter>Content Files\Textures</Filter>
    </None>
    <None Include="..\..\..\processed_assets\loremipsum.pvr">
      <Filter>Content Files\Textures</Filter>
    </None>
    <None Include="..\..\..\processed_assets\background.pvr">
      <Filter>Content Files\Textures</Filter>
    </None>
    <None Include="..\..\..\processed_assets\internet-web-browser.pvr">
      <Filter>Content Files\Textures</Filter>
    </None>
    <None Include="..\..\..\processed_assets\network-wireless.pvr">
      <Filter>Content Files\Textures</Filter>
    </None>
    <None Include="..\..\..\processed_assets\window-topright.pvr">
      <Filter>Content Files\Textures</Filter>
    </None>
    <None Include="..\..\..\processed_assets\mail-message-new.pvr">
      <Filter>Content Files\Textures</Filter>
    </None>
    <None Include="..\..\..\processed_assets\topbar.pvr">
      <Filter>Content Files\Textures</Filter>
    </None>
    <None Include="..\..\..\processed_assets\hand-small.pvr">
      <Filter>Content Files\Textures</Filter>
    </None>
    <None Include="..\..\..\processed_assets\battery.pvr">
      <Filter>Content Files\Textures</Filter>
    </None>
    <None Include="..\..\TexColShader_vk.fsh">
      <Filter>Content Files\Shaders</Filter>
    </None>
    <None Include="..\..\TexColShader_vk.vsh">
      <Filter>Content Files\Shaders</Filter>
    </None>
    <None Include="..\..\ColShader_vk.fsh">
      <Filter>Content Files\Shaders</Filter>
    </None>
    <None Include="..\..\ColShader_vk.vsh">
      <Filter>Content Files\Shaders</Filter>
    </None>
    <None Include="..\..\TexColShader_vk.fsh.spv">
      <Filter>Content Files\Shaders</Filter>
    </None>
    <None Include="..\..\TexColShader_vk.vsh.spv">
      <Filter>Content Files\Shaders</Filter>
    </None>
    <None Include="..\..\ColShader_vk.fsh.spv">
      <Filter>Content Files\Shaders</Filter>
    </None>
    <None Include="..\..\ColShader_vk.vsh.spv">
      <Filter>Content Files\Shaders</Filter>
    </None>
    <None Include="..\..\..\processed_assets\weather-sun-cloud.pvr">
      <Filter>Content Files\Textures</Filter>
    </None>
  </ItemGroup>
</Project>